<?xml version="1.0" encoding="utf-8"?>
<Project ToolsVersion="4.0" xmlns="http://schemas.microsoft.com/developer/msbuild/2003">
  <ItemGroup>
    <Filter Include="Source Files">
      <UniqueIdentifier>{2f0abe60-85f0-4ebd-83d2-73fa70a3460f}</UniqueIdentifier>
      <Extensions>cpp;c;cxx;rc;def;r;odl;idl;hpj;bat</Extensions>
    </Filter>
    <Filter Include="Header Files">
      <UniqueIdentifier>{33ba2509-f966-488b-b1f4-0820c5f912b8}</UniqueIdentifier>
      <Extensions>h;hpp;hxx;hm;inl</Extensions>
    </Filter>
    <Filter Include="misc">
      <UniqueIdentifier>{66582eae-ff2f-4cb4-8646-e7b7abfef562}</UniqueIdentifier>
    </Filter>
    <Filter Include="Resource Files">
      <UniqueIdentifier>{facbdf94-5f5c-41e2-8e02-84414c795b3a}</UniqueIdentifier>
      <Extensions>ico;cur;bmp;dlg;rc2;rct;bin;rgs;gif;jpg;jpeg;jpe</Extensions>
    </Filter>
  </ItemGroup>
  <ItemGroup>
    <ClCompile Include="BaseGameEntity.cpp">
      <Filter>Source Files</Filter>
    </ClCompile>
    <ClCompile Include="EntityManager.cpp">
      <Filter>Source Files</Filter>
    </ClCompile>
    <ClCompile Include="main.cpp">
      <Filter>Source Files</Filter>
    </ClCompile>
    <ClCompile Include="MessageDispatcher.cpp">
      <Filter>Source Files</Filter>
    </ClCompile>
    <ClCompile Include="Miner.cpp">
      <Filter>Source Files</Filter>
    </ClCompile>
    <ClCompile Include="MinerOwnedStates.cpp">
      <Filter>Source Files</Filter>
    </ClCompile>
    <ClCompile Include="MinersWife.cpp">
      <Filter>Source Files</Filter>
    </ClCompile>
    <ClCompile Include="MinersWifeOwnedStates.cpp">
      <Filter>Source Files</Filter>
    </ClCompile>
    <ClCompile Include="..\..\Common\Time\CrudeTimer.cpp">
      <Filter>misc</Filter>
    </ClCompile>
    <ClCompile Include="MinersChild.cpp">
      <Filter>Source Files</Filter>
    </ClCompile>
    <ClCompile Include="MinersChildOwnedStates.cpp">
      <Filter>Source Files</Filter>
    </ClCompile>
    <ClCompile Include="Drunk.cpp">
      <Filter>Source Files</Filter>
    </ClCompile>
    <ClCompile Include="DrunkOwnedStates.cpp">
      <Filter>Source Files</Filter>
    </ClCompile>
  </ItemGroup>
  <ItemGroup>
    <ClInclude Include="BaseGameEntity.h">
      <Filter>Header Files</Filter>
    </ClInclude>
    <ClInclude Include="EntityManager.h">
      <Filter>Header Files</Filter>
    </ClInclude>
    <ClInclude Include="EntityNames.h">
      <Filter>Header Files</Filter>
    </ClInclude>
    <ClInclude Include="Locations.h">
      <Filter>Header Files</Filter>
    </ClInclude>
    <ClInclude Include="MessageDispatcher.h">
      <Filter>Header Files</Filter>
    </ClInclude>
    <ClInclude Include="MessageTypes.h">
      <Filter>Header Files</Filter>
    </ClInclude>
    <ClInclude Include="Miner.h">
      <Filter>Header Files</Filter>
    </ClInclude>
    <ClInclude Include="MinerOwnedStates.h">
      <Filter>Header Files</Filter>
    </ClInclude>
    <ClInclude Include="MinersWife.h">
      <Filter>Header Files</Filter>
    </ClInclude>
    <ClInclude Include="MinersWifeOwnedStates.h">
      <Filter>Header Files</Filter>
    </ClInclude>
    <ClInclude Include="..\..\Common\FSM\State.h">
      <Filter>Header Files</Filter>
    </ClInclude>
    <ClInclude Include="..\..\Common\FSM\StateMachine.h">
      <Filter>Header Files</Filter>
    </ClInclude>
    <ClInclude Include="..\..\Common\Messaging\Telegram.h">
      <Filter>Header Files</Filter>
    </ClInclude>
    <ClInclude Include="..\..\Common\misc\ConsoleUtils.h">
      <Filter>misc</Filter>
    </ClInclude>
    <ClInclude Include="..\..\Common\ConsoleUtils.h">
      <Filter>misc</Filter>
    </ClInclude>
    <ClInclude Include="..\..\Common\Time\CrudeTimer.h">
      <Filter>misc</Filter>
    </ClInclude>
    <ClInclude Include="..\..\Common\2D\SVector2D.h">
      <Filter>misc</Filter>
    </ClInclude>
    <ClInclude Include="..\..\Common\utils.h">
      <Filter>misc</Filter>
    </ClInclude>
    <ClInclude Include="..\..\Common\misc\utils.h">
      <Filter>misc</Filter>
    </ClInclude>
    <ClInclude Include="MinersChild.h">
      <Filter>Header Files</Filter>
    </ClInclude>
    <ClInclude Include="MinersChildOwnedStates.h">
      <Filter>Header Files</Filter>
    </ClInclude>
    <ClInclude Include="Drunk.h">
      <Filter>Header Files</Filter>
    </ClInclude>
    <ClInclude Include="DrunkOwnedStates.h">
      <Filter>Header Files</Filter>
    </ClInclude>
  </ItemGroup>
</Project>